
Microsoft Visual Studio Solution File, Format Version 12.00
# Visual Studio 15
VisualStudioVersion = 15.0.27703.2035
MinimumVisualStudioVersion = 10.0.40219.1
Project("{8BC9CEB8-8B4A-11D0-8D11-00A0C91BC942}") = "JONGMAN_0807_PI_DP_levelC", "JONGMAN_0807_PI_DP_levelC\JONGMAN_0807_PI_DP_levelC.vcxproj", "{CCA837C8-9E46-46BA-9D17-5600FA900548}"
EndProject
Global
	GlobalSection(SolutionConfigurationPlatforms) = preSolution
		Debug|x64 = Debug|x64
		Debug|x86 = Debug|x86
		Release|x64 = Release|x64
		Release|x86 = Release|x86
	EndGlobalSection
	GlobalSection(ProjectConfigurationPlatforms) = postSolution
		{CCA837C8-9E46-46BA-9D17-5600FA900548}.Debug|x64.ActiveCfg = Debug|x64
		{CCA837C8-9E46-46BA-9D17-5600FA900548}.Debug|x64.Build.0 = Debug|x64
		{CCA837C8-9E46-46BA-9D17-5600FA900548}.Debug|x86.ActiveCfg = Debug|Win32
		{CCA837C8-9E46-46BA-9D17-5600FA900548}.Debug|x86.Build.0 = Debug|Win32
		{CCA837C8-9E46-46BA-9D17-5600FA900548}.Release|x64.ActiveCfg = Release|x64
		{CCA837C8-9E46-46BA-9D17-5600FA900548}.Release|x64.Build.0 = Release|x64
		{CCA837C8-9E46-46BA-9D17-5600FA900548}.Release|x86.ActiveCfg = Release|Win32
		{CCA837C8-9E46-46BA-9D17-5600FA900548}.Release|x86.Build.0 = Release|Win32
	EndGlobalSection
	GlobalSection(SolutionProperties) = preSolution
		HideSolutionNode = FALSE
	EndGlobalSection
	GlobalSection(ExtensibilityGlobals) = postSolution
		SolutionGuid = {483F3717-5FB9-4FE1-9A29-1AED267FC944}
	EndGlobalSection
EndGlobal
